
Microsoft Visual Studio Solution File, Format Version 12.00

Project("{FAE04EC0-301F-11D3-BF4B-00C04F79EFBC}") = "NPointersAlgorithm", "NPointersAlgorithm\NPointersAlgorithm.csproj", "{C39FE85C-F8F9-4A78-BEA7-4605083AB75A}"
EndProject
Project("{FAE04EC0-301F-11D3-BF4B-00C04F79EFBC}") = "NPointersAlgorithm.Test", "NPointersAlgorithm.Test\NPointersAlgorithm.Test.csproj", "{6E55D59D-C0E8-41A3-B5DD-492F696E7886}"
EndProject
Global
	GlobalSection(SolutionConfigurationPlatforms) = preSolution
		Debug|Any CPU = Debug|Any CPU
		Release|Any CPU = Release|Any CPU
	EndGlobalSection
	GlobalSection(ProjectConfigurationPlatforms) = postSolution
		{3DC6C3D2-5AE4-4401-B403-AE1C7658E8D5}.Debug|Any CPU.ActiveCfg = Debug|Any CPU
		{3DC6C3D2-5AE4-4401-B403-AE1C7658E8D5}.Debug|Any CPU.Build.0 = Debug|Any CPU
		{3DC6C3D2-5AE4-4401-B403-AE1C7658E8D5}.Release|Any CPU.ActiveCfg = Release|Any CPU
		{3DC6C3D2-5AE4-4401-B403-AE1C7658E8D5}.Release|Any CPU.Build.0 = Release|Any CPU
		{A99F1569-C984-4839-899B-61F5C723E5F3}.Debug|Any CPU.ActiveCfg = Debug|Any CPU
		{A99F1569-C984-4839-899B-61F5C723E5F3}.Debug|Any CPU.Build.0 = Debug|Any CPU
		{A99F1569-C984-4839-899B-61F5C723E5F3}.Release|Any CPU.ActiveCfg = Release|Any CPU
		{A99F1569-C984-4839-899B-61F5C723E5F3}.Release|Any CPU.Build.0 = Release|Any CPU
		{516FF58D-7A4E-4817-A2D0-B9517394CE7C}.Debug|Any CPU.ActiveCfg = Debug|Any CPU
		{516FF58D-7A4E-4817-A2D0-B9517394CE7C}.Debug|Any CPU.Build.0 = Debug|Any CPU
		{516FF58D-7A4E-4817-A2D0-B9517394CE7C}.Release|Any CPU.ActiveCfg = Release|Any CPU
		{516FF58D-7A4E-4817-A2D0-B9517394CE7C}.Release|Any CPU.Build.0 = Release|Any CPU
		{A090EE72-3FC2-4A2C-9BD3-E4CC885B9408}.Debug|Any CPU.ActiveCfg = Debug|Any CPU
		{A090EE72-3FC2-4A2C-9BD3-E4CC885B9408}.Debug|Any CPU.Build.0 = Debug|Any CPU
		{A090EE72-3FC2-4A2C-9BD3-E4CC885B9408}.Release|Any CPU.ActiveCfg = Release|Any CPU
		{A090EE72-3FC2-4A2C-9BD3-E4CC885B9408}.Release|Any CPU.Build.0 = Release|Any CPU
		{156463A4-A4A1-4D14-A6A6-E1ABEEBA1DB1}.Debug|Any CPU.ActiveCfg = Debug|Any CPU
		{156463A4-A4A1-4D14-A6A6-E1ABEEBA1DB1}.Debug|Any CPU.Build.0 = Debug|Any CPU
		{156463A4-A4A1-4D14-A6A6-E1ABEEBA1DB1}.Release|Any CPU.ActiveCfg = Release|Any CPU
		{156463A4-A4A1-4D14-A6A6-E1ABEEBA1DB1}.Release|Any CPU.Build.0 = Release|Any CPU
		{241C905C-B5F4-4F52-96E2-57004D5F3EA6}.Debug|Any CPU.ActiveCfg = Debug|Any CPU
		{241C905C-B5F4-4F52-96E2-57004D5F3EA6}.Debug|Any CPU.Build.0 = Debug|Any CPU
		{241C905C-B5F4-4F52-96E2-57004D5F3EA6}.Release|Any CPU.ActiveCfg = Release|Any CPU
		{241C905C-B5F4-4F52-96E2-57004D5F3EA6}.Release|Any CPU.Build.0 = Release|Any CPU
		{C39FE85C-F8F9-4A78-BEA7-4605083AB75A}.Debug|Any CPU.ActiveCfg = Debug|Any CPU
		{C39FE85C-F8F9-4A78-BEA7-4605083AB75A}.Debug|Any CPU.Build.0 = Debug|Any CPU
		{C39FE85C-F8F9-4A78-BEA7-4605083AB75A}.Release|Any CPU.ActiveCfg = Release|Any CPU
		{C39FE85C-F8F9-4A78-BEA7-4605083AB75A}.Release|Any CPU.Build.0 = Release|Any CPU
		{6E55D59D-C0E8-41A3-B5DD-492F696E7886}.Debug|Any CPU.ActiveCfg = Debug|Any CPU
		{6E55D59D-C0E8-41A3-B5DD-492F696E7886}.Debug|Any CPU.Build.0 = Debug|Any CPU
		{6E55D59D-C0E8-41A3-B5DD-492F696E7886}.Release|Any CPU.ActiveCfg = Release|Any CPU
		{6E55D59D-C0E8-41A3-B5DD-492F696E7886}.Release|Any CPU.Build.0 = Release|Any CPU
	EndGlobalSection
	GlobalSection(NestedProjects) = preSolution
		{3DC6C3D2-5AE4-4401-B403-AE1C7658E8D5} = {804F8B79-D68C-4673-A903-78923F42E3AD}
		{A99F1569-C984-4839-899B-61F5C723E5F3} = {67CC4B6F-CA92-409B-A1AF-9501B34435E5}
		{516FF58D-7A4E-4817-A2D0-B9517394CE7C} = {804F8B79-D68C-4673-A903-78923F42E3AD}
		{A090EE72-3FC2-4A2C-9BD3-E4CC885B9408} = {160DC284-3E0C-4170-8FBA-5B35ADB6AE7D}
		{156463A4-A4A1-4D14-A6A6-E1ABEEBA1DB1} = {78110398-B45D-45EF-BCA8-EF879BA6AC4F}
		{241C905C-B5F4-4F52-96E2-57004D5F3EA6} = {78110398-B45D-45EF-BCA8-EF879BA6AC4F}
	EndGlobalSection
EndGlobal
